
Microsoft Visual Studio Solution File, Format Version 12.00
# Visual Studio Version 17
VisualStudioVersion = 17.5.33502.453
MinimumVisualStudioVersion = 10.0.40219.1
Project("{2150E333-8FDC-42A3-9474-1A3956D46DE8}") = "Web", "Web", "{5763783D-30E4-49E3-ADB8-FC44C5FAAD1C}"
EndProject
Project("{2150E333-8FDC-42A3-9474-1A3956D46DE8}") = "Microservices", "Microservices", "{B9C10318-29DB-4DF4-AE58-BB77F8463668}"
	ProjectSection(SolutionItems) = preProject
		src\Web\Microservices\appsettings.authentication.json = src\Web\Microservices\appsettings.authentication.json
	EndProjectSection
EndProject
Project("{2150E333-8FDC-42A3-9474-1A3956D46DE8}") = "Posts", "Posts", "{CC9FD65D-640E-4040-9434-F3B664F9C7C1}"
EndProject
Project("{9A19103F-16F7-4668-BE54-9A1E7A4F7556}") = "StoryBlog.Web.Microservices.Posts.Domain", "src\Web\Microservices\Posts\StoryBlog.Web.Microservices.Posts.Domain\StoryBlog.Web.Microservices.Posts.Domain.csproj", "{3DA24201-22FA-4E28-AB18-4EA8FC0F731F}"
EndProject
Project("{9A19103F-16F7-4668-BE54-9A1E7A4F7556}") = "StoryBlog.Web.Microservices.Posts.Application", "src\Web\Microservices\Posts\StoryBlog.Web.Microservices.Posts.Application\StoryBlog.Web.Microservices.Posts.Application.csproj", "{0F5CB9DC-6554-4914-8B0B-6C75F0605DDA}"
EndProject
Project("{9A19103F-16F7-4668-BE54-9A1E7A4F7556}") = "StoryBlog.Web.Microservices.Posts.WebApi", "src\Web\Microservices\Posts\StoryBlog.Web.Microservices.Posts.WebApi\StoryBlog.Web.Microservices.Posts.WebApi.csproj", "{F6EB28F6-DAF6-446A-A64D-4FDD872D5A1A}"
EndProject
Project("{9A19103F-16F7-4668-BE54-9A1E7A4F7556}") = "StoryBlog.Web.Microservices.Posts.Infrastructure", "src\Web\Microservices\Posts\StoryBlog.Web.Microservices.Posts.Infrastructure\StoryBlog.Web.Microservices.Posts.Infrastructure.csproj", "{E22C44E9-A05A-43AF-8019-0593768F5C65}"
EndProject
Project("{2150E333-8FDC-42A3-9474-1A3956D46DE8}") = "Элементы решения", "Элементы решения", "{D98D042A-7023-46F7-8A03-A5AC6E9E5793}"
	ProjectSection(SolutionItems) = preProject
		readme.md = readme.md
	EndProjectSection
EndProject
Project("{2150E333-8FDC-42A3-9474-1A3956D46DE8}") = "Client", "Client", "{5AF2FD9B-52F2-4DBF-832E-8E571CDB15F8}"
EndProject
Project("{9A19103F-16F7-4668-BE54-9A1E7A4F7556}") = "StoryBlog.Web.Client.Blog", "src\Web\Client\StoryBlog.Web.Client.Blog\StoryBlog.Web.Client.Blog.csproj", "{0DD41329-D89A-4652-9850-186671BF7C5A}"
EndProject
Project("{2150E333-8FDC-42A3-9474-1A3956D46DE8}") = "Tests", "Tests", "{CBB3278E-D470-4CD6-B2CD-08FDBF46C898}"
EndProject
Project("{9A19103F-16F7-4668-BE54-9A1E7A4F7556}") = "TestProject1", "src\Tests\TestProject1\TestProject1.csproj", "{0D72A413-8074-4AEE-86C4-DF7D018CB1E7}"
EndProject
Project("{2150E333-8FDC-42A3-9474-1A3956D46DE8}") = "Identity", "Identity", "{48A31C6C-A4C8-47C7-B71C-289BD944875C}"
EndProject
Project("{2150E333-8FDC-42A3-9474-1A3956D46DE8}") = "Identity", "Identity", "{5B6E0961-2C8C-49B7-8CEE-72E248418304}"
EndProject
Project("{9A19103F-16F7-4668-BE54-9A1E7A4F7556}") = "StoryBlog.Web.Identity", "src\Web\Identity\StoryBlog.Web.Identity\StoryBlog.Web.Identity.csproj", "{A5A665F8-4ED9-45B6-9471-10EBAB6D9600}"
EndProject
Project("{2150E333-8FDC-42A3-9474-1A3956D46DE8}") = "Comments", "Comments", "{92ABFCC3-3CAA-46AB-8B04-20DE41555628}"
EndProject
Project("{9A19103F-16F7-4668-BE54-9A1E7A4F7556}") = "StoryBlog.Web.Microservices.Posts.Shared", "src\Web\Microservices\Posts\StoryBlog.Web.Microservices.Posts.Shared\StoryBlog.Web.Microservices.Posts.Shared.csproj", "{7D92D517-5B81-49FC-A8B4-2973F771E8CE}"
EndProject
Project("{9A19103F-16F7-4668-BE54-9A1E7A4F7556}") = "StoryBlog.Web.Microservices.Comments.Shared", "src\Web\Microservices\Comments\StoryBlog.Web.Microservices.Comments.Shared\StoryBlog.Web.Microservices.Comments.Shared.csproj", "{87E5456C-009B-4128-BCE1-A12064927E22}"
EndProject
Project("{9A19103F-16F7-4668-BE54-9A1E7A4F7556}") = "StoryBlog.Web.Microservices.Comments.WebApi", "src\Web\Microservices\Comments\StoryBlog.Web.Microservices.Comments.WebApi\StoryBlog.Web.Microservices.Comments.WebApi.csproj", "{581E0C4A-1AB8-4065-AEA5-5FC5AF48C699}"
EndProject
Project("{9A19103F-16F7-4668-BE54-9A1E7A4F7556}") = "StoryBlog.Web.Microservices.Comments.Application", "src\Web\Microservices\Comments\StoryBlog.Web.Microservices.Comments.Application\StoryBlog.Web.Microservices.Comments.Application.csproj", "{A18C8722-50BC-423B-B2DF-D0D856CA9B31}"
EndProject
Project("{9A19103F-16F7-4668-BE54-9A1E7A4F7556}") = "StoryBlog.Web.Blazor.Markdown.Editor", "src\Web\Client\StoryBlog.Web.Blazor.Markdown.Editor\StoryBlog.Web.Blazor.Markdown.Editor.csproj", "{60DF985E-9BB4-469E-A21E-21DA692A2533}"
EndProject
Project("{2150E333-8FDC-42A3-9474-1A3956D46DE8}") = "Common", "Common", "{9D593EF7-B4BD-40A7-9D40-B03DDA4D92E8}"
EndProject
Project("{9A19103F-16F7-4668-BE54-9A1E7A4F7556}") = "StoryBlog.Web.Common", "src\Web\Common\StoryBlog.Web.Common\StoryBlog.Web.Common.csproj", "{15049120-F731-418E-B69C-343E60C57D0E}"
EndProject
Project("{9A19103F-16F7-4668-BE54-9A1E7A4F7556}") = "StoryBlog.Web.Microservices.Comments.Domain", "src\Web\Microservices\Comments\StoryBlog.Web.Microservices.Comments.Domain\StoryBlog.Web.Microservices.Comments.Domain.csproj", "{56EDC32B-8DE4-42C3-A7AC-FAADA11DFAF0}"
EndProject
Project("{9A19103F-16F7-4668-BE54-9A1E7A4F7556}") = "StoryBlog.Web.Microservices.Comments.Infrastructure", "src\Web\Microservices\Comments\StoryBlog.Web.Microservices.Comments.Infrastructure\StoryBlog.Web.Microservices.Comments.Infrastructure.csproj", "{DF802D16-D9BA-4370-A409-F4D5205E88D0}"
EndProject
Project("{9A19103F-16F7-4668-BE54-9A1E7A4F7556}") = "StoryBlog.Web.Common.Infrastructure", "src\Web\Common\StoryBlog.Web.Common.Infrastructure\StoryBlog.Web.Common.Infrastructure.csproj", "{41C36EA1-8A11-4DA2-91AC-7690B2C15E8B}"
EndProject
Project("{9A19103F-16F7-4668-BE54-9A1E7A4F7556}") = "StoryBlog.Web.Common.Domain", "src\Web\Common\StoryBlog.Web.Common.Domain\StoryBlog.Web.Common.Domain.csproj", "{1E08DB2A-DF21-4309-9075-D2E0FFE4C11F}"
EndProject
Project("{9A19103F-16F7-4668-BE54-9A1E7A4F7556}") = "StoryBlog.Web.Common.Application", "src\Web\Common\StoryBlog.Web.Common.Application\StoryBlog.Web.Common.Application.csproj", "{3B154CB9-AC86-4CDD-A669-A3D860BC822F}"
EndProject
Project("{9A19103F-16F7-4668-BE54-9A1E7A4F7556}") = "StoryBlog.Web.Microservices.Identity.WebApi", "src\Web\Microservices\Identity\StoryBlog.Web.Microservices.Identity.WebApi\StoryBlog.Web.Microservices.Identity.WebApi.csproj", "{714ED55B-0FC4-4519-8827-AAE7F00AC553}"
EndProject
Project("{9A19103F-16F7-4668-BE54-9A1E7A4F7556}") = "StoryBlog.Web.Microservices.Identity.Domain", "src\Web\Microservices\Identity\StoryBlog.Web.Microservices.Identity.Domain\StoryBlog.Web.Microservices.Identity.Domain.csproj", "{701D214F-85D5-4296-A50E-97F7F28EF0C0}"
EndProject
Project("{9A19103F-16F7-4668-BE54-9A1E7A4F7556}") = "StoryBlog.Web.Microservices.Identity.Application", "src\Web\Microservices\Identity\StoryBlog.Web.Microservices.Identity.Application\StoryBlog.Web.Microservices.Identity.Application.csproj", "{ED397B66-5632-41A6-AAE6-FA1F2A6F867C}"
EndProject
Project("{9A19103F-16F7-4668-BE54-9A1E7A4F7556}") = "StoryBlog.Web.Microservices.Identity.Infrastructure", "src\Web\Microservices\Identity\StoryBlog.Web.Microservices.Identity.Infrastructure\StoryBlog.Web.Microservices.Identity.Infrastructure.csproj", "{0BCE49CB-C35E-42C0-B5FA-92BF1B9F403F}"
EndProject
Project("{2150E333-8FDC-42A3-9474-1A3956D46DE8}") = "Infrastructure", "Infrastructure", "{7699E9E6-BB87-42DE-A80C-86692C996C44}"
EndProject
Project("{9A19103F-16F7-4668-BE54-9A1E7A4F7556}") = "StoryBlog.Infrastructure.AnyOf", "src\Infrastructure\StoryBlog.Infrastructure.AnyOf\StoryBlog.Infrastructure.AnyOf.csproj", "{4E609F9E-209A-499C-8337-F3E3ACB23AD6}"
EndProject
Project("{9A19103F-16F7-4668-BE54-9A1E7A4F7556}") = "StoryBlog.Infrastructure.AnyOf.Tools", "src\Infrastructure\StoryBlog.Infrastructure.AnyOf.Tools\StoryBlog.Infrastructure.AnyOf.Tools.csproj", "{F0BDC558-53C1-437E-A5F7-CD01CF4B9A79}"
EndProject
Project("{9A19103F-16F7-4668-BE54-9A1E7A4F7556}") = "StoryBlog.Infrastructure.AnyOf.Common", "src\Infrastructure\StoryBlog.Infrastructure.AnyOf.Common\StoryBlog.Infrastructure.AnyOf.Common.csproj", "{71C31742-8757-4D35-9C19-23DD6D5C0D29}"
EndProject
Project("{9A19103F-16F7-4668-BE54-9A1E7A4F7556}") = "StoryBlog.Web.Common.Result", "src\Web\Common\StoryBlog.Web.Common.Result\StoryBlog.Web.Common.Result.csproj", "{4665DAC1-E6BD-4B9E-8E19-E4C99C82EFC8}"
EndProject
Project("{9A19103F-16F7-4668-BE54-9A1E7A4F7556}") = "StoryBlog.Web.Common.Identity.Permission", "src\Web\Identity\StoryBlog.Web.Common.Identity.Permission\StoryBlog.Web.Common.Identity.Permission.csproj", "{5CF9088E-9844-4149-AEE6-A0691B299211}"
EndProject
Project("{2150E333-8FDC-42A3-9474-1A3956D46DE8}") = "MessageHub", "MessageHub", "{CAA20982-042B-41A1-9736-B087CFE2F855}"
EndProject
Project("{9A19103F-16F7-4668-BE54-9A1E7A4F7556}") = "StoryBlog.Web.MessageHub", "src\Web\MessageHub\StoryBlog.Web.MessageHub\StoryBlog.Web.MessageHub.csproj", "{2CAFCB67-8A95-4E0E-965D-2BCC7EDA334C}"
EndProject
Project("{9A19103F-16F7-4668-BE54-9A1E7A4F7556}") = "StoryBlog.Web.MessageHub.Server", "src\Web\MessageHub\StoryBlog.Web.MessageHub.Server\StoryBlog.Web.MessageHub.Server.csproj", "{5DAE8A7C-4116-4F6F-B378-6EAD8D8444E8}"
EndProject
Project("{9A19103F-16F7-4668-BE54-9A1E7A4F7556}") = "StoryBlog.Web.MessageHub.Client", "src\Web\MessageHub\StoryBlog.Web.MessageHub.Client\StoryBlog.Web.MessageHub.Client.csproj", "{BEA082BE-E8A4-4BE6-B472-1F8CB2F97F1C}"
EndProject
Project("{9A19103F-16F7-4668-BE54-9A1E7A4F7556}") = "StoryBlog.Web.Client.Core", "src\Web\Client\StoryBlog.Web.Client.Core\StoryBlog.Web.Client.Core.csproj", "{3ECEC556-A874-4EF8-B02B-0866C3978B13}"
EndProject
Project("{2150E333-8FDC-42A3-9474-1A3956D46DE8}") = "Communication", "Communication", "{7AE9E9D3-12A5-4167-AC48-864C61C019B9}"
EndProject
Project("{FAE04EC0-301F-11D3-BF4B-00C04F79EFBC}") = "StoryBlog.Web.Microservices.Communication.WebApi", "src\Web\Microservices\Communication\StoryBlog.Web.Microservices.Communication.WebApi\StoryBlog.Web.Microservices.Communication.WebApi.csproj", "{7E262DD8-350F-4D56-B746-22AC1FB505FF}"
EndProject
Project("{FAE04EC0-301F-11D3-BF4B-00C04F79EFBC}") = "StoryBlog.Web.Microservices.Communication.Domain", "src\Web\Microservices\Communication\StoryBlog.Web.Microservices.Communication.Domain\StoryBlog.Web.Microservices.Communication.Domain.csproj", "{B24D9463-65AB-497C-B565-009FBCFEBE86}"
EndProject
Project("{FAE04EC0-301F-11D3-BF4B-00C04F79EFBC}") = "StoryBlog.Web.Microservices.Communication.Application", "src\Web\Microservices\Communication\StoryBlog.Web.Microservices.Communication.Application\StoryBlog.Web.Microservices.Communication.Application.csproj", "{673659A6-75BE-4038-98AA-9A605E1001A0}"
EndProject
Project("{FAE04EC0-301F-11D3-BF4B-00C04F79EFBC}") = "StoryBlog.Web.Microservices.Communication.Infrastructure", "src\Web\Microservices\Communication\StoryBlog.Web.Microservices.Communication.Infrastructure\StoryBlog.Web.Microservices.Communication.Infrastructure.csproj", "{A09155CE-D6B1-49DB-92C9-96CFFA5A7E18}"
EndProject
Project("{FAE04EC0-301F-11D3-BF4B-00C04F79EFBC}") = "StoryBlog.Web.Microservices.Communication.Shared", "src\Web\Microservices\Communication\StoryBlog.Web.Microservices.Communication.Shared\StoryBlog.Web.Microservices.Communication.Shared.csproj", "{52B90E99-E04C-435E-892C-0216253C2B26}"
EndProject
Global
	GlobalSection(SolutionConfigurationPlatforms) = preSolution
		Debug|Any CPU = Debug|Any CPU
		Release|Any CPU = Release|Any CPU
	EndGlobalSection
	GlobalSection(ProjectConfigurationPlatforms) = postSolution
		{3DA24201-22FA-4E28-AB18-4EA8FC0F731F}.Debug|Any CPU.ActiveCfg = Debug|Any CPU
		{3DA24201-22FA-4E28-AB18-4EA8FC0F731F}.Debug|Any CPU.Build.0 = Debug|Any CPU
		{3DA24201-22FA-4E28-AB18-4EA8FC0F731F}.Release|Any CPU.ActiveCfg = Release|Any CPU
		{3DA24201-22FA-4E28-AB18-4EA8FC0F731F}.Release|Any CPU.Build.0 = Release|Any CPU
		{0F5CB9DC-6554-4914-8B0B-6C75F0605DDA}.Debug|Any CPU.ActiveCfg = Debug|Any CPU
		{0F5CB9DC-6554-4914-8B0B-6C75F0605DDA}.Debug|Any CPU.Build.0 = Debug|Any CPU
		{0F5CB9DC-6554-4914-8B0B-6C75F0605DDA}.Release|Any CPU.ActiveCfg = Release|Any CPU
		{0F5CB9DC-6554-4914-8B0B-6C75F0605DDA}.Release|Any CPU.Build.0 = Release|Any CPU
		{F6EB28F6-DAF6-446A-A64D-4FDD872D5A1A}.Debug|Any CPU.ActiveCfg = Debug|Any CPU
		{F6EB28F6-DAF6-446A-A64D-4FDD872D5A1A}.Debug|Any CPU.Build.0 = Debug|Any CPU
		{F6EB28F6-DAF6-446A-A64D-4FDD872D5A1A}.Release|Any CPU.ActiveCfg = Release|Any CPU
		{F6EB28F6-DAF6-446A-A64D-4FDD872D5A1A}.Release|Any CPU.Build.0 = Release|Any CPU
		{E22C44E9-A05A-43AF-8019-0593768F5C65}.Debug|Any CPU.ActiveCfg = Debug|Any CPU
		{E22C44E9-A05A-43AF-8019-0593768F5C65}.Debug|Any CPU.Build.0 = Debug|Any CPU
		{E22C44E9-A05A-43AF-8019-0593768F5C65}.Release|Any CPU.ActiveCfg = Release|Any CPU
		{E22C44E9-A05A-43AF-8019-0593768F5C65}.Release|Any CPU.Build.0 = Release|Any CPU
		{0DD41329-D89A-4652-9850-186671BF7C5A}.Debug|Any CPU.ActiveCfg = Debug|Any CPU
		{0DD41329-D89A-4652-9850-186671BF7C5A}.Debug|Any CPU.Build.0 = Debug|Any CPU
		{0DD41329-D89A-4652-9850-186671BF7C5A}.Release|Any CPU.ActiveCfg = Release|Any CPU
		{0DD41329-D89A-4652-9850-186671BF7C5A}.Release|Any CPU.Build.0 = Release|Any CPU
		{0D72A413-8074-4AEE-86C4-DF7D018CB1E7}.Debug|Any CPU.ActiveCfg = Debug|Any CPU
		{0D72A413-8074-4AEE-86C4-DF7D018CB1E7}.Debug|Any CPU.Build.0 = Debug|Any CPU
		{0D72A413-8074-4AEE-86C4-DF7D018CB1E7}.Release|Any CPU.ActiveCfg = Release|Any CPU
		{0D72A413-8074-4AEE-86C4-DF7D018CB1E7}.Release|Any CPU.Build.0 = Release|Any CPU
		{A5A665F8-4ED9-45B6-9471-10EBAB6D9600}.Debug|Any CPU.ActiveCfg = Debug|Any CPU
		{A5A665F8-4ED9-45B6-9471-10EBAB6D9600}.Debug|Any CPU.Build.0 = Debug|Any CPU
		{A5A665F8-4ED9-45B6-9471-10EBAB6D9600}.Release|Any CPU.ActiveCfg = Release|Any CPU
		{A5A665F8-4ED9-45B6-9471-10EBAB6D9600}.Release|Any CPU.Build.0 = Release|Any CPU
		{7D92D517-5B81-49FC-A8B4-2973F771E8CE}.Debug|Any CPU.ActiveCfg = Debug|Any CPU
		{7D92D517-5B81-49FC-A8B4-2973F771E8CE}.Debug|Any CPU.Build.0 = Debug|Any CPU
		{7D92D517-5B81-49FC-A8B4-2973F771E8CE}.Release|Any CPU.ActiveCfg = Release|Any CPU
		{7D92D517-5B81-49FC-A8B4-2973F771E8CE}.Release|Any CPU.Build.0 = Release|Any CPU
		{87E5456C-009B-4128-BCE1-A12064927E22}.Debug|Any CPU.ActiveCfg = Debug|Any CPU
		{87E5456C-009B-4128-BCE1-A12064927E22}.Debug|Any CPU.Build.0 = Debug|Any CPU
		{87E5456C-009B-4128-BCE1-A12064927E22}.Release|Any CPU.ActiveCfg = Release|Any CPU
		{87E5456C-009B-4128-BCE1-A12064927E22}.Release|Any CPU.Build.0 = Release|Any CPU
		{581E0C4A-1AB8-4065-AEA5-5FC5AF48C699}.Debug|Any CPU.ActiveCfg = Debug|Any CPU
		{581E0C4A-1AB8-4065-AEA5-5FC5AF48C699}.Debug|Any CPU.Build.0 = Debug|Any CPU
		{581E0C4A-1AB8-4065-AEA5-5FC5AF48C699}.Release|Any CPU.ActiveCfg = Release|Any CPU
		{581E0C4A-1AB8-4065-AEA5-5FC5AF48C699}.Release|Any CPU.Build.0 = Release|Any CPU
		{A18C8722-50BC-423B-B2DF-D0D856CA9B31}.Debug|Any CPU.ActiveCfg = Debug|Any CPU
		{A18C8722-50BC-423B-B2DF-D0D856CA9B31}.Debug|Any CPU.Build.0 = Debug|Any CPU
		{A18C8722-50BC-423B-B2DF-D0D856CA9B31}.Release|Any CPU.ActiveCfg = Release|Any CPU
		{A18C8722-50BC-423B-B2DF-D0D856CA9B31}.Release|Any CPU.Build.0 = Release|Any CPU
		{60DF985E-9BB4-469E-A21E-21DA692A2533}.Debug|Any CPU.ActiveCfg = Debug|Any CPU
		{60DF985E-9BB4-469E-A21E-21DA692A2533}.Debug|Any CPU.Build.0 = Debug|Any CPU
		{60DF985E-9BB4-469E-A21E-21DA692A2533}.Release|Any CPU.ActiveCfg = Release|Any CPU
		{60DF985E-9BB4-469E-A21E-21DA692A2533}.Release|Any CPU.Build.0 = Release|Any CPU
		{15049120-F731-418E-B69C-343E60C57D0E}.Debug|Any CPU.ActiveCfg = Debug|Any CPU
		{15049120-F731-418E-B69C-343E60C57D0E}.Debug|Any CPU.Build.0 = Debug|Any CPU
		{15049120-F731-418E-B69C-343E60C57D0E}.Release|Any CPU.ActiveCfg = Release|Any CPU
		{15049120-F731-418E-B69C-343E60C57D0E}.Release|Any CPU.Build.0 = Release|Any CPU
		{56EDC32B-8DE4-42C3-A7AC-FAADA11DFAF0}.Debug|Any CPU.ActiveCfg = Debug|Any CPU
		{56EDC32B-8DE4-42C3-A7AC-FAADA11DFAF0}.Debug|Any CPU.Build.0 = Debug|Any CPU
		{56EDC32B-8DE4-42C3-A7AC-FAADA11DFAF0}.Release|Any CPU.ActiveCfg = Release|Any CPU
		{56EDC32B-8DE4-42C3-A7AC-FAADA11DFAF0}.Release|Any CPU.Build.0 = Release|Any CPU
		{DF802D16-D9BA-4370-A409-F4D5205E88D0}.Debug|Any CPU.ActiveCfg = Debug|Any CPU
		{DF802D16-D9BA-4370-A409-F4D5205E88D0}.Debug|Any CPU.Build.0 = Debug|Any CPU
		{DF802D16-D9BA-4370-A409-F4D5205E88D0}.Release|Any CPU.ActiveCfg = Release|Any CPU
		{DF802D16-D9BA-4370-A409-F4D5205E88D0}.Release|Any CPU.Build.0 = Release|Any CPU
		{41C36EA1-8A11-4DA2-91AC-7690B2C15E8B}.Debug|Any CPU.ActiveCfg = Debug|Any CPU
		{41C36EA1-8A11-4DA2-91AC-7690B2C15E8B}.Debug|Any CPU.Build.0 = Debug|Any CPU
		{41C36EA1-8A11-4DA2-91AC-7690B2C15E8B}.Release|Any CPU.ActiveCfg = Release|Any CPU
		{41C36EA1-8A11-4DA2-91AC-7690B2C15E8B}.Release|Any CPU.Build.0 = Release|Any CPU
		{1E08DB2A-DF21-4309-9075-D2E0FFE4C11F}.Debug|Any CPU.ActiveCfg = Debug|Any CPU
		{1E08DB2A-DF21-4309-9075-D2E0FFE4C11F}.Debug|Any CPU.Build.0 = Debug|Any CPU
		{1E08DB2A-DF21-4309-9075-D2E0FFE4C11F}.Release|Any CPU.ActiveCfg = Release|Any CPU
		{1E08DB2A-DF21-4309-9075-D2E0FFE4C11F}.Release|Any CPU.Build.0 = Release|Any CPU
		{3B154CB9-AC86-4CDD-A669-A3D860BC822F}.Debug|Any CPU.ActiveCfg = Debug|Any CPU
		{3B154CB9-AC86-4CDD-A669-A3D860BC822F}.Debug|Any CPU.Build.0 = Debug|Any CPU
		{3B154CB9-AC86-4CDD-A669-A3D860BC822F}.Release|Any CPU.ActiveCfg = Release|Any CPU
		{3B154CB9-AC86-4CDD-A669-A3D860BC822F}.Release|Any CPU.Build.0 = Release|Any CPU
		{714ED55B-0FC4-4519-8827-AAE7F00AC553}.Debug|Any CPU.ActiveCfg = Debug|Any CPU
		{714ED55B-0FC4-4519-8827-AAE7F00AC553}.Debug|Any CPU.Build.0 = Debug|Any CPU
		{714ED55B-0FC4-4519-8827-AAE7F00AC553}.Release|Any CPU.ActiveCfg = Release|Any CPU
		{714ED55B-0FC4-4519-8827-AAE7F00AC553}.Release|Any CPU.Build.0 = Release|Any CPU
		{701D214F-85D5-4296-A50E-97F7F28EF0C0}.Debug|Any CPU.ActiveCfg = Debug|Any CPU
		{701D214F-85D5-4296-A50E-97F7F28EF0C0}.Debug|Any CPU.Build.0 = Debug|Any CPU
		{701D214F-85D5-4296-A50E-97F7F28EF0C0}.Release|Any CPU.ActiveCfg = Release|Any CPU
		{701D214F-85D5-4296-A50E-97F7F28EF0C0}.Release|Any CPU.Build.0 = Release|Any CPU
		{ED397B66-5632-41A6-AAE6-FA1F2A6F867C}.Debug|Any CPU.ActiveCfg = Debug|Any CPU
		{ED397B66-5632-41A6-AAE6-FA1F2A6F867C}.Debug|Any CPU.Build.0 = Debug|Any CPU
		{ED397B66-5632-41A6-AAE6-FA1F2A6F867C}.Release|Any CPU.ActiveCfg = Release|Any CPU
		{ED397B66-5632-41A6-AAE6-FA1F2A6F867C}.Release|Any CPU.Build.0 = Release|Any CPU
		{0BCE49CB-C35E-42C0-B5FA-92BF1B9F403F}.Debug|Any CPU.ActiveCfg = Debug|Any CPU
		{0BCE49CB-C35E-42C0-B5FA-92BF1B9F403F}.Debug|Any CPU.Build.0 = Debug|Any CPU
		{0BCE49CB-C35E-42C0-B5FA-92BF1B9F403F}.Release|Any CPU.ActiveCfg = Release|Any CPU
		{0BCE49CB-C35E-42C0-B5FA-92BF1B9F403F}.Release|Any CPU.Build.0 = Release|Any CPU
		{4E609F9E-209A-499C-8337-F3E3ACB23AD6}.Debug|Any CPU.ActiveCfg = Debug|Any CPU
		{4E609F9E-209A-499C-8337-F3E3ACB23AD6}.Debug|Any CPU.Build.0 = Debug|Any CPU
		{4E609F9E-209A-499C-8337-F3E3ACB23AD6}.Release|Any CPU.ActiveCfg = Release|Any CPU
		{4E609F9E-209A-499C-8337-F3E3ACB23AD6}.Release|Any CPU.Build.0 = Release|Any CPU
		{F0BDC558-53C1-437E-A5F7-CD01CF4B9A79}.Debug|Any CPU.ActiveCfg = Debug|Any CPU
		{F0BDC558-53C1-437E-A5F7-CD01CF4B9A79}.Debug|Any CPU.Build.0 = Debug|Any CPU
		{F0BDC558-53C1-437E-A5F7-CD01CF4B9A79}.Release|Any CPU.ActiveCfg = Release|Any CPU
		{F0BDC558-53C1-437E-A5F7-CD01CF4B9A79}.Release|Any CPU.Build.0 = Release|Any CPU
		{71C31742-8757-4D35-9C19-23DD6D5C0D29}.Debug|Any CPU.ActiveCfg = Debug|Any CPU
		{71C31742-8757-4D35-9C19-23DD6D5C0D29}.Debug|Any CPU.Build.0 = Debug|Any CPU
		{71C31742-8757-4D35-9C19-23DD6D5C0D29}.Release|Any CPU.ActiveCfg = Release|Any CPU
		{71C31742-8757-4D35-9C19-23DD6D5C0D29}.Release|Any CPU.Build.0 = Release|Any CPU
		{4665DAC1-E6BD-4B9E-8E19-E4C99C82EFC8}.Debug|Any CPU.ActiveCfg = Debug|Any CPU
		{4665DAC1-E6BD-4B9E-8E19-E4C99C82EFC8}.Debug|Any CPU.Build.0 = Debug|Any CPU
		{4665DAC1-E6BD-4B9E-8E19-E4C99C82EFC8}.Release|Any CPU.ActiveCfg = Release|Any CPU
		{4665DAC1-E6BD-4B9E-8E19-E4C99C82EFC8}.Release|Any CPU.Build.0 = Release|Any CPU
		{5CF9088E-9844-4149-AEE6-A0691B299211}.Debug|Any CPU.ActiveCfg = Debug|Any CPU
		{5CF9088E-9844-4149-AEE6-A0691B299211}.Debug|Any CPU.Build.0 = Debug|Any CPU
		{5CF9088E-9844-4149-AEE6-A0691B299211}.Release|Any CPU.ActiveCfg = Release|Any CPU
		{5CF9088E-9844-4149-AEE6-A0691B299211}.Release|Any CPU.Build.0 = Release|Any CPU
		{2CAFCB67-8A95-4E0E-965D-2BCC7EDA334C}.Debug|Any CPU.ActiveCfg = Debug|Any CPU
		{2CAFCB67-8A95-4E0E-965D-2BCC7EDA334C}.Debug|Any CPU.Build.0 = Debug|Any CPU
		{2CAFCB67-8A95-4E0E-965D-2BCC7EDA334C}.Release|Any CPU.ActiveCfg = Release|Any CPU
		{2CAFCB67-8A95-4E0E-965D-2BCC7EDA334C}.Release|Any CPU.Build.0 = Release|Any CPU
		{5DAE8A7C-4116-4F6F-B378-6EAD8D8444E8}.Debug|Any CPU.ActiveCfg = Debug|Any CPU
		{5DAE8A7C-4116-4F6F-B378-6EAD8D8444E8}.Debug|Any CPU.Build.0 = Debug|Any CPU
		{5DAE8A7C-4116-4F6F-B378-6EAD8D8444E8}.Release|Any CPU.ActiveCfg = Release|Any CPU
		{5DAE8A7C-4116-4F6F-B378-6EAD8D8444E8}.Release|Any CPU.Build.0 = Release|Any CPU
		{BEA082BE-E8A4-4BE6-B472-1F8CB2F97F1C}.Debug|Any CPU.ActiveCfg = Debug|Any CPU
		{BEA082BE-E8A4-4BE6-B472-1F8CB2F97F1C}.Debug|Any CPU.Build.0 = Debug|Any CPU
		{BEA082BE-E8A4-4BE6-B472-1F8CB2F97F1C}.Release|Any CPU.ActiveCfg = Release|Any CPU
		{BEA082BE-E8A4-4BE6-B472-1F8CB2F97F1C}.Release|Any CPU.Build.0 = Release|Any CPU
		{3ECEC556-A874-4EF8-B02B-0866C3978B13}.Debug|Any CPU.ActiveCfg = Debug|Any CPU
		{3ECEC556-A874-4EF8-B02B-0866C3978B13}.Debug|Any CPU.Build.0 = Debug|Any CPU
		{3ECEC556-A874-4EF8-B02B-0866C3978B13}.Release|Any CPU.ActiveCfg = Release|Any CPU
		{3ECEC556-A874-4EF8-B02B-0866C3978B13}.Release|Any CPU.Build.0 = Release|Any CPU
		{7E262DD8-350F-4D56-B746-22AC1FB505FF}.Debug|Any CPU.ActiveCfg = Debug|Any CPU
		{7E262DD8-350F-4D56-B746-22AC1FB505FF}.Debug|Any CPU.Build.0 = Debug|Any CPU
		{7E262DD8-350F-4D56-B746-22AC1FB505FF}.Release|Any CPU.ActiveCfg = Release|Any CPU
		{7E262DD8-350F-4D56-B746-22AC1FB505FF}.Release|Any CPU.Build.0 = Release|Any CPU
		{B24D9463-65AB-497C-B565-009FBCFEBE86}.Debug|Any CPU.ActiveCfg = Debug|Any CPU
		{B24D9463-65AB-497C-B565-009FBCFEBE86}.Debug|Any CPU.Build.0 = Debug|Any CPU
		{B24D9463-65AB-497C-B565-009FBCFEBE86}.Release|Any CPU.ActiveCfg = Release|Any CPU
		{B24D9463-65AB-497C-B565-009FBCFEBE86}.Release|Any CPU.Build.0 = Release|Any CPU
		{673659A6-75BE-4038-98AA-9A605E1001A0}.Debug|Any CPU.ActiveCfg = Debug|Any CPU
		{673659A6-75BE-4038-98AA-9A605E1001A0}.Debug|Any CPU.Build.0 = Debug|Any CPU
		{673659A6-75BE-4038-98AA-9A605E1001A0}.Release|Any CPU.ActiveCfg = Release|Any CPU
		{673659A6-75BE-4038-98AA-9A605E1001A0}.Release|Any CPU.Build.0 = Release|Any CPU
		{A09155CE-D6B1-49DB-92C9-96CFFA5A7E18}.Debug|Any CPU.ActiveCfg = Debug|Any CPU
		{A09155CE-D6B1-49DB-92C9-96CFFA5A7E18}.Debug|Any CPU.Build.0 = Debug|Any CPU
		{A09155CE-D6B1-49DB-92C9-96CFFA5A7E18}.Release|Any CPU.ActiveCfg = Release|Any CPU
		{A09155CE-D6B1-49DB-92C9-96CFFA5A7E18}.Release|Any CPU.Build.0 = Release|Any CPU
		{52B90E99-E04C-435E-892C-0216253C2B26}.Debug|Any CPU.ActiveCfg = Debug|Any CPU
		{52B90E99-E04C-435E-892C-0216253C2B26}.Debug|Any CPU.Build.0 = Debug|Any CPU
		{52B90E99-E04C-435E-892C-0216253C2B26}.Release|Any CPU.ActiveCfg = Release|Any CPU
		{52B90E99-E04C-435E-892C-0216253C2B26}.Release|Any CPU.Build.0 = Release|Any CPU
	EndGlobalSection
	GlobalSection(SolutionProperties) = preSolution
		HideSolutionNode = FALSE
	EndGlobalSection
	GlobalSection(NestedProjects) = preSolution
		{B9C10318-29DB-4DF4-AE58-BB77F8463668} = {5763783D-30E4-49E3-ADB8-FC44C5FAAD1C}
		{CC9FD65D-640E-4040-9434-F3B664F9C7C1} = {B9C10318-29DB-4DF4-AE58-BB77F8463668}
		{3DA24201-22FA-4E28-AB18-4EA8FC0F731F} = {CC9FD65D-640E-4040-9434-F3B664F9C7C1}
		{0F5CB9DC-6554-4914-8B0B-6C75F0605DDA} = {CC9FD65D-640E-4040-9434-F3B664F9C7C1}
		{F6EB28F6-DAF6-446A-A64D-4FDD872D5A1A} = {CC9FD65D-640E-4040-9434-F3B664F9C7C1}
		{E22C44E9-A05A-43AF-8019-0593768F5C65} = {CC9FD65D-640E-4040-9434-F3B664F9C7C1}
		{5AF2FD9B-52F2-4DBF-832E-8E571CDB15F8} = {5763783D-30E4-49E3-ADB8-FC44C5FAAD1C}
		{0DD41329-D89A-4652-9850-186671BF7C5A} = {5AF2FD9B-52F2-4DBF-832E-8E571CDB15F8}
		{0D72A413-8074-4AEE-86C4-DF7D018CB1E7} = {CBB3278E-D470-4CD6-B2CD-08FDBF46C898}
		{48A31C6C-A4C8-47C7-B71C-289BD944875C} = {B9C10318-29DB-4DF4-AE58-BB77F8463668}
		{5B6E0961-2C8C-49B7-8CEE-72E248418304} = {5763783D-30E4-49E3-ADB8-FC44C5FAAD1C}
		{A5A665F8-4ED9-45B6-9471-10EBAB6D9600} = {5B6E0961-2C8C-49B7-8CEE-72E248418304}
		{92ABFCC3-3CAA-46AB-8B04-20DE41555628} = {B9C10318-29DB-4DF4-AE58-BB77F8463668}
		{7D92D517-5B81-49FC-A8B4-2973F771E8CE} = {CC9FD65D-640E-4040-9434-F3B664F9C7C1}
		{87E5456C-009B-4128-BCE1-A12064927E22} = {92ABFCC3-3CAA-46AB-8B04-20DE41555628}
		{581E0C4A-1AB8-4065-AEA5-5FC5AF48C699} = {92ABFCC3-3CAA-46AB-8B04-20DE41555628}
		{A18C8722-50BC-423B-B2DF-D0D856CA9B31} = {92ABFCC3-3CAA-46AB-8B04-20DE41555628}
		{60DF985E-9BB4-469E-A21E-21DA692A2533} = {5AF2FD9B-52F2-4DBF-832E-8E571CDB15F8}
		{9D593EF7-B4BD-40A7-9D40-B03DDA4D92E8} = {5763783D-30E4-49E3-ADB8-FC44C5FAAD1C}
		{15049120-F731-418E-B69C-343E60C57D0E} = {9D593EF7-B4BD-40A7-9D40-B03DDA4D92E8}
		{56EDC32B-8DE4-42C3-A7AC-FAADA11DFAF0} = {92ABFCC3-3CAA-46AB-8B04-20DE41555628}
		{DF802D16-D9BA-4370-A409-F4D5205E88D0} = {92ABFCC3-3CAA-46AB-8B04-20DE41555628}
		{41C36EA1-8A11-4DA2-91AC-7690B2C15E8B} = {9D593EF7-B4BD-40A7-9D40-B03DDA4D92E8}
		{1E08DB2A-DF21-4309-9075-D2E0FFE4C11F} = {9D593EF7-B4BD-40A7-9D40-B03DDA4D92E8}
		{3B154CB9-AC86-4CDD-A669-A3D860BC822F} = {9D593EF7-B4BD-40A7-9D40-B03DDA4D92E8}
		{714ED55B-0FC4-4519-8827-AAE7F00AC553} = {48A31C6C-A4C8-47C7-B71C-289BD944875C}
		{701D214F-85D5-4296-A50E-97F7F28EF0C0} = {48A31C6C-A4C8-47C7-B71C-289BD944875C}
		{ED397B66-5632-41A6-AAE6-FA1F2A6F867C} = {48A31C6C-A4C8-47C7-B71C-289BD944875C}
		{0BCE49CB-C35E-42C0-B5FA-92BF1B9F403F} = {48A31C6C-A4C8-47C7-B71C-289BD944875C}
		{4E609F9E-209A-499C-8337-F3E3ACB23AD6} = {7699E9E6-BB87-42DE-A80C-86692C996C44}
		{F0BDC558-53C1-437E-A5F7-CD01CF4B9A79} = {7699E9E6-BB87-42DE-A80C-86692C996C44}
		{71C31742-8757-4D35-9C19-23DD6D5C0D29} = {7699E9E6-BB87-42DE-A80C-86692C996C44}
		{4665DAC1-E6BD-4B9E-8E19-E4C99C82EFC8} = {9D593EF7-B4BD-40A7-9D40-B03DDA4D92E8}
		{5CF9088E-9844-4149-AEE6-A0691B299211} = {9D593EF7-B4BD-40A7-9D40-B03DDA4D92E8}
		{2CAFCB67-8A95-4E0E-965D-2BCC7EDA334C} = {CAA20982-042B-41A1-9736-B087CFE2F855}
		{5DAE8A7C-4116-4F6F-B378-6EAD8D8444E8} = {CAA20982-042B-41A1-9736-B087CFE2F855}
		{BEA082BE-E8A4-4BE6-B472-1F8CB2F97F1C} = {CAA20982-042B-41A1-9736-B087CFE2F855}
		{3ECEC556-A874-4EF8-B02B-0866C3978B13} = {5AF2FD9B-52F2-4DBF-832E-8E571CDB15F8}
		{7AE9E9D3-12A5-4167-AC48-864C61C019B9} = {B9C10318-29DB-4DF4-AE58-BB77F8463668}
		{7E262DD8-350F-4D56-B746-22AC1FB505FF} = {7AE9E9D3-12A5-4167-AC48-864C61C019B9}
		{B24D9463-65AB-497C-B565-009FBCFEBE86} = {7AE9E9D3-12A5-4167-AC48-864C61C019B9}
		{673659A6-75BE-4038-98AA-9A605E1001A0} = {7AE9E9D3-12A5-4167-AC48-864C61C019B9}
		{A09155CE-D6B1-49DB-92C9-96CFFA5A7E18} = {7AE9E9D3-12A5-4167-AC48-864C61C019B9}
		{52B90E99-E04C-435E-892C-0216253C2B26} = {7AE9E9D3-12A5-4167-AC48-864C61C019B9}
	EndGlobalSection
	GlobalSection(ExtensibilityGlobals) = postSolution
		SolutionGuid = {D7123581-6A53-434A-BD68-656AB44693B4}
	EndGlobalSection
EndGlobal
